
Microsoft Visual Studio Solution File, Format Version 12.00
# Visual Studio 2015
Project("{FAE04EC0-301F-11D3-BF4B-00C04F79EFBC}") = "LineAdventure 16.06.CSharp.Plugins", "LineAdventure 16.06.CSharp.Plugins.csproj", "{4F7CF199-EEBC-029E-8470-BA46977293FE}"
EndProject
Project("{FAE04EC0-301F-11D3-BF4B-00C04F79EFBC}") = "LineAdventure 16.06.CSharp", "LineAdventure 16.06.CSharp.csproj", "{AD994E54-C7D6-AB00-4694-C07341645E2A}"
EndProject
Project("{FAE04EC0-301F-11D3-BF4B-00C04F79EFBC}") = "LineAdventure 16.06.CSharp.Editor", "LineAdventure 16.06.CSharp.Editor.csproj", "{939D2261-4E6D-ADF2-CD45-D89F1E169BEF}"
EndProject
Global
	GlobalSection(SolutionConfigurationPlatforms) = preSolution
		Debug|Any CPU = Debug|Any CPU
		Release|Any CPU = Release|Any CPU
	EndGlobalSection
	GlobalSection(ProjectConfigurationPlatforms) = postSolution
		{4F7CF199-EEBC-029E-8470-BA46977293FE}.Debug|Any CPU.ActiveCfg = Debug|Any CPU
		{4F7CF199-EEBC-029E-8470-BA46977293FE}.Debug|Any CPU.Build.0 = Debug|Any CPU
		{4F7CF199-EEBC-029E-8470-BA46977293FE}.Release|Any CPU.ActiveCfg = Release|Any CPU
		{4F7CF199-EEBC-029E-8470-BA46977293FE}.Release|Any CPU.Build.0 = Release|Any CPU
		{AD994E54-C7D6-AB00-4694-C07341645E2A}.Debug|Any CPU.ActiveCfg = Debug|Any CPU
		{AD994E54-C7D6-AB00-4694-C07341645E2A}.Debug|Any CPU.Build.0 = Debug|Any CPU
		{AD994E54-C7D6-AB00-4694-C07341645E2A}.Release|Any CPU.ActiveCfg = Release|Any CPU
		{AD994E54-C7D6-AB00-4694-C07341645E2A}.Release|Any CPU.Build.0 = Release|Any CPU
		{939D2261-4E6D-ADF2-CD45-D89F1E169BEF}.Debug|Any CPU.ActiveCfg = Debug|Any CPU
		{939D2261-4E6D-ADF2-CD45-D89F1E169BEF}.Debug|Any CPU.Build.0 = Debug|Any CPU
		{939D2261-4E6D-ADF2-CD45-D89F1E169BEF}.Release|Any CPU.ActiveCfg = Release|Any CPU
		{939D2261-4E6D-ADF2-CD45-D89F1E169BEF}.Release|Any CPU.Build.0 = Release|Any CPU
	EndGlobalSection
	GlobalSection(SolutionProperties) = preSolution
		HideSolutionNode = FALSE
	EndGlobalSection
EndGlobal
