
Microsoft Visual Studio Solution File, Format Version 12.00
# Visual Studio 2015
Project("{FAE04EC0-301F-11D3-BF4B-00C04F79EFBC}") = "LineAdventure 19.07.CSharp.Plugins", "LineAdventure 19.07.CSharp.Plugins.csproj", "{EB97D2A0-F1B8-8B85-D57C-9735346493E9}"
EndProject
Project("{FAE04EC0-301F-11D3-BF4B-00C04F79EFBC}") = "LineAdventure 19.07.CSharp", "LineAdventure 19.07.CSharp.csproj", "{7DA584C0-6913-1287-BBD6-15380DE7D6F7}"
EndProject
Project("{FAE04EC0-301F-11D3-BF4B-00C04F79EFBC}") = "LineAdventure 19.07.CSharp.Editor", "LineAdventure 19.07.CSharp.Editor.csproj", "{B6971944-B9EC-BFFA-DA31-5E429967DBEF}"
EndProject
Global
	GlobalSection(SolutionConfigurationPlatforms) = preSolution
		Debug|Any CPU = Debug|Any CPU
		Release|Any CPU = Release|Any CPU
	EndGlobalSection
	GlobalSection(ProjectConfigurationPlatforms) = postSolution
		{EB97D2A0-F1B8-8B85-D57C-9735346493E9}.Debug|Any CPU.ActiveCfg = Debug|Any CPU
		{EB97D2A0-F1B8-8B85-D57C-9735346493E9}.Debug|Any CPU.Build.0 = Debug|Any CPU
		{EB97D2A0-F1B8-8B85-D57C-9735346493E9}.Release|Any CPU.ActiveCfg = Release|Any CPU
		{EB97D2A0-F1B8-8B85-D57C-9735346493E9}.Release|Any CPU.Build.0 = Release|Any CPU
		{7DA584C0-6913-1287-BBD6-15380DE7D6F7}.Debug|Any CPU.ActiveCfg = Debug|Any CPU
		{7DA584C0-6913-1287-BBD6-15380DE7D6F7}.Debug|Any CPU.Build.0 = Debug|Any CPU
		{7DA584C0-6913-1287-BBD6-15380DE7D6F7}.Release|Any CPU.ActiveCfg = Release|Any CPU
		{7DA584C0-6913-1287-BBD6-15380DE7D6F7}.Release|Any CPU.Build.0 = Release|Any CPU
		{B6971944-B9EC-BFFA-DA31-5E429967DBEF}.Debug|Any CPU.ActiveCfg = Debug|Any CPU
		{B6971944-B9EC-BFFA-DA31-5E429967DBEF}.Debug|Any CPU.Build.0 = Debug|Any CPU
		{B6971944-B9EC-BFFA-DA31-5E429967DBEF}.Release|Any CPU.ActiveCfg = Release|Any CPU
		{B6971944-B9EC-BFFA-DA31-5E429967DBEF}.Release|Any CPU.Build.0 = Release|Any CPU
	EndGlobalSection
	GlobalSection(SolutionProperties) = preSolution
		HideSolutionNode = FALSE
	EndGlobalSection
EndGlobal
