Microsoft Visual Studio Solution File, Format Version 11.00
# Visual Studio 2008

Project("{32241853-4F52-87B9-7D29-EA04D61D8C43}") = "LineAdventure 12.06", "Assembly-CSharp.csproj", "{4EDFE809-D12C-96F1-5919-11B0675F3FC1}"
EndProject
Global
	GlobalSection(SolutionConfigurationPlatforms) = preSolution
		Debug|Any CPU = Debug|Any CPU
		Release|Any CPU = Release|Any CPU
	EndGlobalSection
	GlobalSection(ProjectConfigurationPlatforms) = postSolution
		{4EDFE809-D12C-96F1-5919-11B0675F3FC1}.Debug|Any CPU.ActiveCfg = Debug|Any CPU
		{4EDFE809-D12C-96F1-5919-11B0675F3FC1}.Debug|Any CPU.Build.0 = Debug|Any CPU
		{4EDFE809-D12C-96F1-5919-11B0675F3FC1}.Release|Any CPU.ActiveCfg = Release|Any CPU
		{4EDFE809-D12C-96F1-5919-11B0675F3FC1}.Release|Any CPU.Build.0 = Release|Any CPU
	EndGlobalSection
	GlobalSection(SolutionProperties) = preSolution
		HideSolutionNode = FALSE
	EndGlobalSection
	GlobalSection(MonoDevelopProperties) = preSolution
		StartupItem = Assembly-CSharp.csproj
	EndGlobalSection
EndGlobal
