
Microsoft Visual Studio Solution File, Format Version 12.00
# Visual Studio 2015
Project("{FAE04EC0-301F-11D3-BF4B-00C04F79EFBC}") = "LineAdventure 22.07.CSharp.Plugins", "LineAdventure 22.07.CSharp.Plugins.csproj", "{4D964ACD-0BF0-B0A8-5182-80156B23DFD1}"
EndProject
Project("{FAE04EC0-301F-11D3-BF4B-00C04F79EFBC}") = "LineAdventure 22.07.CSharp", "LineAdventure 22.07.CSharp.csproj", "{E17D92F9-BC5D-32DB-57D3-D4E8D77E09F2}"
EndProject
Global
	GlobalSection(SolutionConfigurationPlatforms) = preSolution
		Debug|Any CPU = Debug|Any CPU
		Release|Any CPU = Release|Any CPU
	EndGlobalSection
	GlobalSection(ProjectConfigurationPlatforms) = postSolution
		{4D964ACD-0BF0-B0A8-5182-80156B23DFD1}.Debug|Any CPU.ActiveCfg = Debug|Any CPU
		{4D964ACD-0BF0-B0A8-5182-80156B23DFD1}.Debug|Any CPU.Build.0 = Debug|Any CPU
		{4D964ACD-0BF0-B0A8-5182-80156B23DFD1}.Release|Any CPU.ActiveCfg = Release|Any CPU
		{4D964ACD-0BF0-B0A8-5182-80156B23DFD1}.Release|Any CPU.Build.0 = Release|Any CPU
		{E17D92F9-BC5D-32DB-57D3-D4E8D77E09F2}.Debug|Any CPU.ActiveCfg = Debug|Any CPU
		{E17D92F9-BC5D-32DB-57D3-D4E8D77E09F2}.Debug|Any CPU.Build.0 = Debug|Any CPU
		{E17D92F9-BC5D-32DB-57D3-D4E8D77E09F2}.Release|Any CPU.ActiveCfg = Release|Any CPU
		{E17D92F9-BC5D-32DB-57D3-D4E8D77E09F2}.Release|Any CPU.Build.0 = Release|Any CPU
	EndGlobalSection
	GlobalSection(SolutionProperties) = preSolution
		HideSolutionNode = FALSE
	EndGlobalSection
EndGlobal
